
Microsoft Visual Studio Solution File, Format Version 12.00
# Visual Studio 15
VisualStudioVersion = 15.0.27428.2037
MinimumVisualStudioVersion = 10.0.40219.1
Project("{FAE04EC0-301F-11D3-BF4B-00C04F79EFBC}") = "GraphApiAndEasyAuth", "GraphApiAndEasyAuth.csproj", "{58BADC14-32F9-4FA1-941E-3C4DAE40A52B}"
EndProject
Global
	GlobalSection(SolutionConfigurationPlatforms) = preSolution
		Debug|Any CPU = Debug|Any CPU
		Release|Any CPU = Release|Any CPU
	EndGlobalSection
	GlobalSection(ProjectConfigurationPlatforms) = postSolution
		{58BADC14-32F9-4FA1-941E-3C4DAE40A52B}.Debug|Any CPU.ActiveCfg = Debug|Any CPU
		{58BADC14-32F9-4FA1-941E-3C4DAE40A52B}.Debug|Any CPU.Build.0 = Debug|Any CPU
		{58BADC14-32F9-4FA1-941E-3C4DAE40A52B}.Release|Any CPU.ActiveCfg = Release|Any CPU
		{58BADC14-32F9-4FA1-941E-3C4DAE40A52B}.Release|Any CPU.Build.0 = Release|Any CPU
	EndGlobalSection
	GlobalSection(SolutionProperties) = preSolution
		HideSolutionNode = FALSE
	EndGlobalSection
	GlobalSection(ExtensibilityGlobals) = postSolution
		SolutionGuid = {F662F699-CD29-4FF0-A618-1939EF886C78}
	EndGlobalSection
EndGlobal
